
Microsoft Visual Studio Solution File, Format Version 12.00
# Visual Studio Version 17
VisualStudioVersion = 17.7.34031.279
MinimumVisualStudioVersion = 10.0.40219.1
Project("{FAE04EC0-301F-11D3-BF4B-00C04F79EFBC}") = "simple_csharp_calculator", "simple_csharp_calculator\simple_csharp_calculator.csproj", "{5240185F-6BD3-4B42-BFF4-39DF4B721449}"
EndProject
Global
	GlobalSection(SolutionConfigurationPlatforms) = preSolution
		Debug|Any CPU = Debug|Any CPU
		Release|Any CPU = Release|Any CPU
	EndGlobalSection
	GlobalSection(ProjectConfigurationPlatforms) = postSolution
		{5240185F-6BD3-4B42-BFF4-39DF4B721449}.Debug|Any CPU.ActiveCfg = Debug|Any CPU
		{5240185F-6BD3-4B42-BFF4-39DF4B721449}.Debug|Any CPU.Build.0 = Debug|Any CPU
		{5240185F-6BD3-4B42-BFF4-39DF4B721449}.Release|Any CPU.ActiveCfg = Release|Any CPU
		{5240185F-6BD3-4B42-BFF4-39DF4B721449}.Release|Any CPU.Build.0 = Release|Any CPU
	EndGlobalSection
	GlobalSection(SolutionProperties) = preSolution
		HideSolutionNode = FALSE
	EndGlobalSection
	GlobalSection(ExtensibilityGlobals) = postSolution
		SolutionGuid = {054C754E-1F4C-4F6B-B0A3-917D3550BE82}
	EndGlobalSection
EndGlobal
